
Microsoft Visual Studio Solution File, Format Version 12.00
# Visual Studio Version 16
VisualStudioVersion = 16.0.30717.126
MinimumVisualStudioVersion = 10.0.40219.1
Project("{9A19103F-16F7-4668-BE54-9A1E7A4F7556}") = "aicup2020", "aicup2020.csproj", "{02DD917B-9A74-41B6-9EFC-C14238BF7CBA}"
EndProject
Global
	GlobalSection(SolutionConfigurationPlatforms) = preSolution
		Debug|Any CPU = Debug|Any CPU
		Release|Any CPU = Release|Any CPU
	EndGlobalSection
	GlobalSection(ProjectConfigurationPlatforms) = postSolution
		{02DD917B-9A74-41B6-9EFC-C14238BF7CBA}.Debug|Any CPU.ActiveCfg = Debug|Any CPU
		{02DD917B-9A74-41B6-9EFC-C14238BF7CBA}.Debug|Any CPU.Build.0 = Debug|Any CPU
		{02DD917B-9A74-41B6-9EFC-C14238BF7CBA}.Release|Any CPU.ActiveCfg = Release|Any CPU
		{02DD917B-9A74-41B6-9EFC-C14238BF7CBA}.Release|Any CPU.Build.0 = Release|Any CPU
	EndGlobalSection
	GlobalSection(SolutionProperties) = preSolution
		HideSolutionNode = FALSE
	EndGlobalSection
	GlobalSection(ExtensibilityGlobals) = postSolution
		SolutionGuid = {D287769D-DED7-41E8-82C3-F21D9152B1B2}
	EndGlobalSection
EndGlobal
